
Microsoft Visual Studio Solution File, Format Version 12.00
# Visual Studio Version 17
VisualStudioVersion = 17.5.002.0
MinimumVisualStudioVersion = 10.0.40219.1
Project("{9A19103F-16F7-4668-BE54-9A1E7A4F7556}") = "HackMVC", "HackMVC.csproj", "{0643E587-F5E7-449B-89D5-165D273CD481}"
EndProject
Global
	GlobalSection(SolutionConfigurationPlatforms) = preSolution
		Debug|Any CPU = Debug|Any CPU
		Release|Any CPU = Release|Any CPU
	EndGlobalSection
	GlobalSection(ProjectConfigurationPlatforms) = postSolution
		{0643E587-F5E7-449B-89D5-165D273CD481}.Debug|Any CPU.ActiveCfg = Debug|Any CPU
		{0643E587-F5E7-449B-89D5-165D273CD481}.Debug|Any CPU.Build.0 = Debug|Any CPU
		{0643E587-F5E7-449B-89D5-165D273CD481}.Release|Any CPU.ActiveCfg = Release|Any CPU
		{0643E587-F5E7-449B-89D5-165D273CD481}.Release|Any CPU.Build.0 = Release|Any CPU
	EndGlobalSection
	GlobalSection(SolutionProperties) = preSolution
		HideSolutionNode = FALSE
	EndGlobalSection
	GlobalSection(ExtensibilityGlobals) = postSolution
		SolutionGuid = {3CE03875-D129-4C91-BBD9-674D43D5D567}
	EndGlobalSection
EndGlobal
